# @generated - this file is auto-generated by `mise lock` https://mise.jdx.dev/dev-tools/mise-lock.html

[[tools."aqua:astral-sh/uv"]]
version = "0.11.28"
backend = "aqua:astral-sh/uv"

[tools."aqua:astral-sh/uv"."platforms.linux-arm64"]
checksum = "sha256:da10cdfa7d92212b7acb62021a0fd61bcf8580c58c3632ec915d10c3a1a7906b"
url = "https://github.com/astral-sh/uv/releases/download/0.11.28/uv-aarch64-unknown-linux-musl.tar.gz"
url_api = "https://api.github.com/repos/astral-sh/uv/releases/assets/469655715"
provenance = "github-attestations"

[tools."aqua:astral-sh/uv"."platforms.linux-x64"]
checksum = "sha256:f02146b371c35c287d860f003ece7345c86e358a3fd70a9b63700cd141ee7fb4"
url = "https://github.com/astral-sh/uv/releases/download/0.11.28/uv-x86_64-unknown-linux-musl.tar.gz"
url_api = "https://api.github.com/repos/astral-sh/uv/releases/assets/469655835"
provenance = "github-attestations"

[tools."aqua:astral-sh/uv"."platforms.macos-arm64"]
checksum = "sha256:33540eb7c883ab857eff79bd5ac2aa31fe27b595abecb4a9c003a2c998447232"
url = "https://github.com/astral-sh/uv/releases/download/0.11.28/uv-aarch64-apple-darwin.tar.gz"
url_api = "https://api.github.com/repos/astral-sh/uv/releases/assets/469655699"
provenance = "github-attestations"

[[tools."aqua:go-task/task"]]
version = "3.52.0"
backend = "aqua:go-task/task"

[tools."aqua:go-task/task"."platforms.linux-arm64"]
checksum = "sha256:7e0044108830cec0534577b289564e3b7c83e6df276feb631a1edc63d04e4ebe"
url = "https://github.com/go-task/task/releases/download/v3.52.0/task_linux_arm64.tar.gz"
url_api = "https://api.github.com/repos/go-task/task/releases/assets/464613352"

[tools."aqua:go-task/task"."platforms.linux-x64"]
checksum = "sha256:02c679ffae53dca791804847d78b31731615894e292948397c971c87ac9e95bd"
url = "https://github.com/go-task/task/releases/download/v3.52.0/task_linux_amd64.tar.gz"
url_api = "https://api.github.com/repos/go-task/task/releases/assets/464613330"

[tools."aqua:go-task/task"."platforms.macos-arm64"]
checksum = "sha256:debfa9a3bc06fcb5d5550b44725ecd22bb305499ce057bd6d7a774db5cdaa7b8"
url = "https://github.com/go-task/task/releases/download/v3.52.0/task_darwin_arm64.tar.gz"
url_api = "https://api.github.com/repos/go-task/task/releases/assets/464613319"

[[tools."aqua:hadolint/hadolint"]]
version = "2.15.1"
backend = "aqua:hadolint/hadolint"

[tools."aqua:hadolint/hadolint"."platforms.linux-arm64"]
checksum = "sha256:f6198ef8090f404dbb771abfee086eb8c48ac177f30da7fd3510aca35b344b5d"
url = "https://github.com/hadolint/hadolint/releases/download/v2.15.1/hadolint-linux-arm64"
url_api = "https://api.github.com/repos/hadolint/hadolint/releases/assets/496546507"
provenance = "github-attestations"

[tools."aqua:hadolint/hadolint"."platforms.linux-x64"]
checksum = "sha256:c7187db94eeeeca956519a6af171adc31453941a1e777961f6e680f697c8c507"
url = "https://github.com/hadolint/hadolint/releases/download/v2.15.1/hadolint-linux-x86_64"
url_api = "https://api.github.com/repos/hadolint/hadolint/releases/assets/496546506"
provenance = "github-attestations"

[tools."aqua:hadolint/hadolint"."platforms.macos-arm64"]
checksum = "sha256:5c09f3213f8e40406abe048233d985eebef336d4a6a20021be47fadb6cf480a2"
url = "https://github.com/hadolint/hadolint/releases/download/v2.15.1/hadolint-macos-arm64"
url_api = "https://api.github.com/repos/hadolint/hadolint/releases/assets/496546505"
provenance = "github-attestations"

[[tools."aqua:mikefarah/yq"]]
version = "4.53.6"
backend = "aqua:mikefarah/yq"

[tools."aqua:mikefarah/yq"."platforms.linux-arm64"]
checksum = "sha256:88a1016bc1d657375a35864e4f44b6f333df8ff97b559f51bba0adcb2169df09"
url = "https://github.com/mikefarah/yq/releases/download/v4.53.6/yq_linux_arm64"
url_api = "https://api.github.com/repos/mikefarah/yq/releases/assets/522028007"
provenance = "cosign"

[tools."aqua:mikefarah/yq"."platforms.linux-x64"]
checksum = "sha256:c5f056448f973ae7d39b5401949648a78f2dc1947d6a8eb65be60d5c504b9385"
url = "https://github.com/mikefarah/yq/releases/download/v4.53.6/yq_linux_amd64"
url_api = "https://api.github.com/repos/mikefarah/yq/releases/assets/522028022"
provenance = "cosign"

[tools."aqua:mikefarah/yq"."platforms.macos-arm64"]
checksum = "sha256:cceb0b8d71ea5294334121f8429f33f92b920e7217d904a2f9f35443968ac424"
url = "https://github.com/mikefarah/yq/releases/download/v4.53.6/yq_darwin_arm64"
url_api = "https://api.github.com/repos/mikefarah/yq/releases/assets/522028033"
provenance = "cosign"

[[tools."aqua:oven-sh/bun"]]
version = "1.3.14"
backend = "aqua:oven-sh/bun"

[tools."aqua:oven-sh/bun"."platforms.linux-arm64"]
checksum = "sha256:a27ffb63a8310375836e0d6f668ae17fa8d8d18b88c37c821c65331973a19a3b"
url = "https://github.com/oven-sh/bun/releases/download/bun-v1.3.14/bun-linux-aarch64.zip"
url_api = "https://api.github.com/repos/oven-sh/bun/releases/assets/418773677"

[tools."aqua:oven-sh/bun"."platforms.linux-x64"]
checksum = "sha256:951ee2aee855f08595aeec6225226a298d3fea83a3dcd6465c09cbccdf7e848f"
url = "https://github.com/oven-sh/bun/releases/download/bun-v1.3.14/bun-linux-x64.zip"
url_api = "https://api.github.com/repos/oven-sh/bun/releases/assets/418773972"

[tools."aqua:oven-sh/bun"."platforms.macos-arm64"]
checksum = "sha256:d8b96221828ad6f97ac7ac0ab7e95872341af763001e8803e8267652c2652620"
url = "https://github.com/oven-sh/bun/releases/download/bun-v1.3.14/bun-darwin-aarch64.zip"
url_api = "https://api.github.com/repos/oven-sh/bun/releases/assets/418774455"

[[tools."aqua:rhysd/actionlint"]]
version = "1.7.12"
backend = "aqua:rhysd/actionlint"

[tools."aqua:rhysd/actionlint"."platforms.linux-arm64"]
checksum = "sha256:325e971b6ba9bfa504672e29be93c24981eeb1c07576d730e9f7c8805afff0c6"
url = "https://github.com/rhysd/actionlint/releases/download/v1.7.12/actionlint_1.7.12_linux_arm64.tar.gz"
url_api = "https://api.github.com/repos/rhysd/actionlint/releases/assets/384924897"
provenance = "github-attestations"

[tools."aqua:rhysd/actionlint"."platforms.linux-x64"]
checksum = "sha256:8aca8db96f1b94770f1b0d72b6dddcb1ebb8123cb3712530b08cc387b349a3d8"
url = "https://github.com/rhysd/actionlint/releases/download/v1.7.12/actionlint_1.7.12_linux_amd64.tar.gz"
url_api = "https://api.github.com/repos/rhysd/actionlint/releases/assets/384924896"
provenance = "github-attestations"

[tools."aqua:rhysd/actionlint"."platforms.macos-arm64"]
checksum = "sha256:aba9ced2dee8d27fecca3dc7feb1a7f9a52caefa1eb46f3271ea66b6e0e6953f"
url = "https://github.com/rhysd/actionlint/releases/download/v1.7.12/actionlint_1.7.12_darwin_arm64.tar.gz"
url_api = "https://api.github.com/repos/rhysd/actionlint/releases/assets/384924893"
provenance = "github-attestations"

[[tools."github:crate-ci/committed"]]
version = "1.1.11"
backend = "github:crate-ci/committed"

[tools."github:crate-ci/committed"."platforms.linux-arm64"]
checksum = "sha256:96d6334ab2dccc0e90b67ebdcaa2af856f29eadef48161926e21a0e35f1ae80d"
url = "https://github.com/crate-ci/committed/releases/download/v1.1.11/committed-v1.1.11-aarch64-unknown-linux-musl.tar.gz"
url_api = "https://api.github.com/repos/crate-ci/committed/releases/assets/361545435"

[tools."github:crate-ci/committed"."platforms.linux-x64"]
checksum = "sha256:1e5c20049eeaa4633e6798283913f92dc90a97f2b5c6dfc28e8c4b7e77a67157"
url = "https://github.com/crate-ci/committed/releases/download/v1.1.11/committed-v1.1.11-x86_64-unknown-linux-musl.tar.gz"
url_api = "https://api.github.com/repos/crate-ci/committed/releases/assets/361544963"

[tools."github:crate-ci/committed"."platforms.macos-arm64"]
checksum = "sha256:98eae08e1b0715ef6446c4bd08352f21f3a3ce21535a35687a1e132bcb4fcac1"
url = "https://github.com/crate-ci/committed/releases/download/v1.1.11/committed-v1.1.11-aarch64-apple-darwin.tar.gz"
url_api = "https://api.github.com/repos/crate-ci/committed/releases/assets/362199688"

[[tools."github:musher-dev/engineering-conventions"]]
version = "0.8.0"
backend = "github:musher-dev/engineering-conventions"

[tools."github:musher-dev/engineering-conventions"."platforms.linux-arm64"]
checksum = "sha256:205ba6645ac063ad8055a8de0f983169490937d1dea9e60ca51fc906d64a259b"
url = "https://github.com/musher-dev/engineering-conventions/releases/download/v0.8.0/engineering-conventions-0.8.0.tar.gz"
url_api = "https://api.github.com/repos/musher-dev/engineering-conventions/releases/assets/608120022"
provenance = "github-attestations"
provenance_verified = true

[tools."github:musher-dev/engineering-conventions"."platforms.linux-x64"]
checksum = "sha256:205ba6645ac063ad8055a8de0f983169490937d1dea9e60ca51fc906d64a259b"
url = "https://github.com/musher-dev/engineering-conventions/releases/download/v0.8.0/engineering-conventions-0.8.0.tar.gz"
url_api = "https://api.github.com/repos/musher-dev/engineering-conventions/releases/assets/608120022"
provenance = "github-attestations"

[tools."github:musher-dev/engineering-conventions"."platforms.macos-arm64"]
checksum = "sha256:205ba6645ac063ad8055a8de0f983169490937d1dea9e60ca51fc906d64a259b"
url = "https://github.com/musher-dev/engineering-conventions/releases/download/v0.8.0/engineering-conventions-0.8.0.tar.gz"
url_api = "https://api.github.com/repos/musher-dev/engineering-conventions/releases/assets/608120022"
provenance = "github-attestations"

[[tools."npm:@openai/codex"]]
version = "0.143.0"
backend = "npm:@openai/codex"

[[tools."npm:lefthook"]]
version = "2.1.10"
backend = "npm:lefthook"

[[tools."npm:markdownlint-cli2"]]
version = "0.22.1"
backend = "npm:markdownlint-cli2"

[[tools."pipx:codespell"]]
version = "2.4.3"
backend = "pipx:codespell"

[[tools."pipx:yamllint"]]
version = "1.38.0"
backend = "pipx:yamllint"
